// !$*UTF8*$!
{
	archiveVersion = 1;
	classes = {
	};
	objectVersion = 46;
	objects = {

/* Begin PBXBuildFile section */
		305228191F40CC27004254C4 /* AppDelegate.swift in Sources */ = {isa = PBXBuildFile; fileRef = 305228181F40CC27004254C4 /* AppDelegate.swift */; };
		3052281B1F40CC27004254C4 /* ViewController.swift in Sources */ = {isa = PBXBuildFile; fileRef = 3052281A1F40CC27004254C4 /* ViewController.swift */; };
		3052281E1F40CC27004254C4 /* Main.storyboard in Resources */ = {isa = PBXBuildFile; fileRef = 3052281C1F40CC27004254C4 /* Main.storyboard */; };
		305228211F40CC28004254C4 /* Jogging.xcdatamodeld in Sources */ = {isa = PBXBuildFile; fileRef = 3052281F1F40CC27004254C4 /* Jogging.xcdatamodeld */; };
		305228231F40CC28004254C4 /* Assets.xcassets in Resources */ = {isa = PBXBuildFile; fileRef = 305228221F40CC28004254C4 /* Assets.xcassets */; };
		305228261F40CC28004254C4 /* LaunchScreen.storyboard in Resources */ = {isa = PBXBuildFile; fileRef = 305228241F40CC28004254C4 /* LaunchScreen.storyboard */; };
/* End PBXBuildFile section */

/* Begin PBXFileReference section */
		305228151F40CC27004254C4 /* Jogging.app */ = {isa = PBXFileReference; explicitFileType = wrapper.application; includeInIndex = 0; path = Jogging.app; sourceTree = BUILT_PRODUCTS_DIR; };
		305228181F40CC27004254C4 /* AppDelegate.swift */ = {isa = PBXFileReference; lastKnownFileType = sourcecode.swift; path = AppDelegate.swift; sourceTree = "<group>"; };
		3052281A1F40CC27004254C4 /* ViewController.swift */ = {isa = PBXFileReference; lastKnownFileType = sourcecode.swift; path = ViewController.swift; sourceTree = "<group>"; };
		3052281D1F40CC27004254C4 /* Base */ = {isa = PBXFileReference; lastKnownFileType = file.storyboard; name = Base; path = Base.lproj/Main.storyboard; sourceTree = "<group>"; };
		305228201F40CC27004254C4 /* Jogging.xcdatamodel */ = {isa = PBXFileReference; lastKnownFileType = wrapper.xcdatamodel; path = Jogging.xcdatamodel; sourceTree = "<group>"; };
		305228221F40CC28004254C4 /* Assets.xcassets */ = {isa = PBXFileReference; lastKnownFileType = folder.assetcatalog; path = Assets.xcassets; sourceTree = "<group>"; };
		305228251F40CC28004254C4 /* Base */ = {isa = PBXFileReference; lastKnownFileType = file.storyboard; name = Base; path = Base.lproj/LaunchScreen.storyboard; sourceTree = "<group>"; };
		305228271F40CC28004254C4 /* Info.plist */ = {isa = PBXFileReference; lastKnownFileType = text.plist.xml; path = Info.plist; sourceTree = "<group>"; };
/* End PBXFileReference section */

/* Begin PBXFrameworksBuildPhase section */
		305228121F40CC27004254C4 /* Frameworks */ = {
			isa = PBXFrameworksBuildPhase;
			buildActionMask = 2147483647;
			files = (
			);
			runOnlyForDeploymentPostprocessing = 0;
		};
/* End PBXFrameworksBuildPhase section */

/* Begin PBXGroup section */
		3052280C1F40CC27004254C4 = {
			isa = PBXGroup;
			children = (
				305228171F40CC27004254C4 /* Jogging */,
				305228161F40CC27004254C4 /* Products */,
			);
			sourceTree = "<group>";
		};
		305228161F40CC27004254C4 /* Products */ = {
			isa = PBXGroup;
			children = (
				305228151F40CC27004254C4 /* Jogging.app */,
			);
			name = Products;
			sourceTree = "<group>";
		};
		305228171F40CC27004254C4 /* Jogging */ = {
			isa = PBXGroup;
			children = (
				305228181F40CC27004254C4 /* AppDelegate.swift */,
				3052281A1F40CC27004254C4 /* ViewController.swift */,
				3052281C1F40CC27004254C4 /* Main.storyboard */,
				305228221F40CC28004254C4 /* Assets.xcassets */,
				305228241F40CC28004254C4 /* LaunchScreen.storyboard */,
				305228271F40CC28004254C4 /* Info.plist */,
				3052281F1F40CC27004254C4 /* Jogging.xcdatamodeld */,
			);
			path = Jogging;
			sourceTree = "<group>";
		};
/* End PBXGroup section */

/* Begin PBXNativeTarget section */
		305228141F40CC27004254C4 /* Jogging */ = {
			isa = PBXNativeTarget;
			buildConfigurationList = 3052282A1F40CC28004254C4 /* Build configuration list for PBXNativeTarget "Jogging" */;
			buildPhases = (
				305228111F40CC27004254C4 /* Sources */,
				305228121F40CC27004254C4 /* Frameworks */,
				305228131F40CC27004254C4 /* Resources */,
			);
			buildRules = (
			);
			dependencies = (
			);
			name = Jogging;
			productName = Jogging;
			productReference = 305228151F40CC27004254C4 /* Jogging.app */;
			productType = "com.apple.product-type.application";
		};
/* End PBXNativeTarget section */

/* Begin PBXProject section */
		3052280D1F40CC27004254C4 /* Project object */ = {
			isa = PBXProject;
			attributes = {
				LastSwiftUpdateCheck = 0710;
				LastUpgradeCheck = 0710;
				ORGANIZATIONNAME = Roman;
				TargetAttributes = {
					305228141F40CC27004254C4 = {
						CreatedOnToolsVersion = 7.1;
					};
				};
			};
			buildConfigurationList = 305228101F40CC27004254C4 /* Build configuration list for PBXProject "Jogging" */;
			compatibilityVersion = "Xcode 3.2";
			developmentRegion = English;
			hasScannedForEncodings = 0;
			knownRegions = (
				en,
				Base,
			);
			mainGroup = 3052280C1F40CC27004254C4;
			productRefGroup = 305228161F40CC27004254C4 /* Products */;
			projectDirPath = "";
			projectRoot = "";
			targets = (
				305228141F40CC27004254C4 /* Jogging */,
			);
		};
/* End PBXProject section */

/* Begin PBXResourcesBuildPhase section */
		305228131F40CC27004254C4 /* Resources */ = {
			isa = PBXResourcesBuildPhase;
			buildActionMask = 2147483647;
			files = (
				305228261F40CC28004254C4 /* LaunchScreen.storyboard in Resources */,
				305228231F40CC28004254C4 /* Assets.xcassets in Resources */,
				3052281E1F40CC27004254C4 /* Main.storyboard in Resources */,
			);
			runOnlyForDeploymentPostprocessing = 0;
		};
/* End PBXResourcesBuildPhase section */

/* Begin PBXSourcesBuildPhase section */
		305228111F40CC27004254C4 /* Sources */ = {
			isa = PBXSourcesBuildPhase;
			buildActionMask = 2147483647;
			files = (
				305228211F40CC28004254C4 /* Jogging.xcdatamodeld in Sources */,
				3052281B1F40CC27004254C4 /* ViewController.swift in Sources */,
				305228191F40CC27004254C4 /* AppDelegate.swift in Sources */,
			);
			runOnlyForDeploymentPostprocessing = 0;
		};
/* End PBXSourcesBuildPhase section */

/* Begin PBXVariantGroup section */
		3052281C1F40CC27004254C4 /* Main.storyboard */ = {
			isa = PBXVariantGroup;
			children = (
				3052281D1F40CC27004254C4 /* Base */,
			);
			name = Main.storyboard;
			sourceTree = "<group>";
		};
		305228241F40CC28004254C4 /* LaunchScreen.storyboard */ = {
			isa = PBXVariantGroup;
			children = (
				305228251F40CC28004254C4 /* Base */,
			);
			name = LaunchScreen.storyboard;
			sourceTree = "<group>";
		};
/* End PBXVariantGroup section */

/* Begin XCBuildConfiguration section */
		305228281F40CC28004254C4 /* Debug */ = {
			isa = XCBuildConfiguration;
			buildSettings = {
				ALWAYS_SEARCH_USER_PATHS = NO;
				CLANG_CXX_LANGUAGE_STANDARD = "gnu++0x";
				CLANG_CXX_LIBRARY = "libc++";
				CLANG_ENABLE_MODULES = YES;
				CLANG_ENABLE_OBJC_ARC = YES;
				CLANG_WARN_BOOL_CONVERSION = YES;
				CLANG_WARN_CONSTANT_CONVERSION = YES;
				CLANG_WARN_DIRECT_OBJC_ISA_USAGE = YES_ERROR;
				CLANG_WARN_EMPTY_BODY = YES;
				CLANG_WARN_ENUM_CONVERSION = YES;
				CLANG_WARN_INT_CONVERSION = YES;
				CLANG_WARN_OBJC_ROOT_CLASS = YES_ERROR;
				CLANG_WARN_UNREACHABLE_CODE = YES;
				CLANG_WARN__DUPLICATE_METHOD_MATCH = YES;
				"CODE_SIGN_IDENTITY[sdk=iphoneos*]" = "iPhone Developer";
				COPY_PHASE_STRIP = NO;
				DEBUG_INFORMATION_FORMAT = dwarf;
				ENABLE_STRICT_OBJC_MSGSEND = YES;
				ENABLE_TESTABILITY = YES;
				GCC_C_LANGUAGE_STANDARD = gnu99;
				GCC_DYNAMIC_NO_PIC = NO;
				GCC_NO_COMMON_BLOCKS = YES;
				GCC_OPTIMIZATION_LEVEL = 0;
				GCC_PREPROCESSOR_DEFINITIONS = (
					"DEBUG=1",
					"$(inherited)",
				);
				GCC_WARN_64_TO_32_BIT_CONVERSION = YES;
				GCC_WARN_ABOUT_RETURN_TYPE = YES_ERROR;
				GCC_WARN_UNDECLARED_SELECTOR = YES;
				GCC_WARN_UNINITIALIZED_AUTOS = YES_AGGRESSIVE;
				GCC_WARN_UNUSED_FUNCTION = YES;
				GCC_WARN_UNUSED_VARIABLE = YES;
				IPHONEOS_DEPLOYMENT_TARGET = 9.1;
				MTL_ENABLE_DEBUG_INFO = YES;
				ONLY_ACTIVE_ARCH = YES;
				SDKROOT = iphoneos;
				SWIFT_OPTIMIZATION_LEVEL = "-Onone";
			};
			name = Debug;
		};
		305228291F40CC28004254C4 /* Release */ = {
			isa = XCBuildConfiguration;
			buildSettings = {
				ALWAYS_SEARCH_USER_PATHS = NO;
				CLANG_CXX_LANGUAGE_STANDARD = "gnu++0x";
				CLANG_CXX_LIBRARY = "libc++";
				CLANG_ENABLE_MODULES = YES;
				CLANG_ENABLE_OBJC_ARC = YES;
				CLANG_WARN_BOOL_CONVERSION = YES;
				CLANG_WARN_CONSTANT_CONVERSION = YES;
				CLANG_WARN_DIRECT_OBJC_ISA_USAGE = YES_ERROR;
				CLANG_WARN_EMPTY_BODY = YES;
				CLANG_WARN_ENUM_CONVERSION = YES;
				CLANG_WARN_INT_CONVERSION = YES;
				CLANG_WARN_OBJC_ROOT_CLASS = YES_ERROR;
				CLANG_WARN_UNREACHABLE_CODE = YES;
				CLANG_WARN__DUPLICATE_METHOD_MATCH = YES;
				"CODE_SIGN_IDENTITY[sdk=iphoneos*]" = "iPhone Developer";
				COPY_PHASE_STRIP = NO;
				DEBUG_INFORMATION_FORMAT = "dwarf-with-dsym";
				ENABLE_NS_ASSERTIONS = NO;
				ENABLE_STRICT_OBJC_MSGSEND = YES;
				GCC_C_LANGUAGE_STANDARD = gnu99;
				GCC_NO_COMMON_BLOCKS = YES;
				GCC_WARN_64_TO_32_BIT_CONVERSION = YES;
				GCC_WARN_ABOUT_RETURN_TYPE = YES_ERROR;
				GCC_WARN_UNDECLARED_SELECTOR = YES;
				GCC_WARN_UNINITIALIZED_AUTOS = YES_AGGRESSIVE;
				GCC_WARN_UNUSED_FUNCTION = YES;
				GCC_WARN_UNUSED_VARIABLE = YES;
				IPHONEOS_DEPLOYMENT_TARGET = 9.1;
				MTL_ENABLE_DEBUG_INFO = NO;
				SDKROOT = iphoneos;
				VALIDATE_PRODUCT = YES;
			};
			name = Release;
		};
		3052282B1F40CC28004254C4 /* Debug */ = {
			isa = XCBuildConfiguration;
			buildSettings = {
				ASSETCATALOG_COMPILER_APPICON_NAME = AppIcon;
				INFOPLIST_FILE = Jogging/Info.plist;
				LD_RUNPATH_SEARCH_PATHS = "$(inherited) @executable_path/Frameworks";
				PRODUCT_BUNDLE_IDENTIFIER = ru.romanbrazhnikov.Jogging;
				PRODUCT_NAME = "$(TARGET_NAME)";
			};
			name = Debug;
		};
		3052282C1F40CC28004254C4 /* Release */ = {
			isa = XCBuildConfiguration;
			buildSettings = {
				ASSETCATALOG_COMPILER_APPICON_NAME = AppIcon;
				INFOPLIST_FILE = Jogging/Info.plist;
				LD_RUNPATH_SEARCH_PATHS = "$(inherited) @executable_path/Frameworks";
				PRODUCT_BUNDLE_IDENTIFIER = ru.romanbrazhnikov.Jogging;
				PRODUCT_NAME = "$(TARGET_NAME)";
			};
			name = Release;
		};
/* End XCBuildConfiguration section */

/* Begin XCConfigurationList section */
		305228101F40CC27004254C4 /* Build configuration list for PBXProject "Jogging" */ = {
			isa = XCConfigurationList;
			buildConfigurations = (
				305228281F40CC28004254C4 /* Debug */,
				305228291F40CC28004254C4 /* Release */,
			);
			defaultConfigurationIsVisible = 0;
			defaultConfigurationName = Release;
		};
		3052282A1F40CC28004254C4 /* Build configuration list for PBXNativeTarget "Jogging" */ = {
			isa = XCConfigurationList;
			buildConfigurations = (
				3052282B1F40CC28004254C4 /* Debug */,
				3052282C1F40CC28004254C4 /* Release */,
			);
			defaultConfigurationIsVisible = 0;
		};
/* End XCConfigurationList section */

/* Begin XCVersionGroup section */
		3052281F1F40CC27004254C4 /* Jogging.xcdatamodeld */ = {
			isa = XCVersionGroup;
			children = (
				305228201F40CC27004254C4 /* Jogging.xcdatamodel */,
			);
			currentVersion = 305228201F40CC27004254C4 /* Jogging.xcdatamodel */;
			path = Jogging.xcdatamodeld;
			sourceTree = "<group>";
			versionGroupType = wrapper.xcdatamodel;
		};
/* End XCVersionGroup section */
	};
	rootObject = 3052280D1F40CC27004254C4 /* Project object */;
}
